
Microsoft Visual Studio Solution File, Format Version 12.00
# Visual Studio 15
VisualStudioVersion = 15.0.27428.2015
MinimumVisualStudioVersion = 10.0.40219.1
Project("{FAE04EC0-301F-11D3-BF4B-00C04F79EFBC}") = "Singleton", "Singleton\Singleton.csproj", "{835DADFE-6042-499C-BD4E-042C312C9DAA}"
EndProject
Project("{FAE04EC0-301F-11D3-BF4B-00C04F79EFBC}") = "FactoryMethod", "FactoryMethod\FactoryMethod.csproj", "{4DFCE797-B7DF-43B1-A40A-B921D0658305}"
EndProject
Project("{FAE04EC0-301F-11D3-BF4B-00C04F79EFBC}") = "AbstractFactory", "AbstractFactory\AbstractFactory.csproj", "{744D3881-F94A-4A64-B333-5E6830881640}"
EndProject
Global
	GlobalSection(SolutionConfigurationPlatforms) = preSolution
		Debug|Any CPU = Debug|Any CPU
		Release|Any CPU = Release|Any CPU
	EndGlobalSection
	GlobalSection(ProjectConfigurationPlatforms) = postSolution
		{835DADFE-6042-499C-BD4E-042C312C9DAA}.Debug|Any CPU.ActiveCfg = Debug|Any CPU
		{835DADFE-6042-499C-BD4E-042C312C9DAA}.Debug|Any CPU.Build.0 = Debug|Any CPU
		{835DADFE-6042-499C-BD4E-042C312C9DAA}.Release|Any CPU.ActiveCfg = Release|Any CPU
		{835DADFE-6042-499C-BD4E-042C312C9DAA}.Release|Any CPU.Build.0 = Release|Any CPU
		{4DFCE797-B7DF-43B1-A40A-B921D0658305}.Debug|Any CPU.ActiveCfg = Debug|Any CPU
		{4DFCE797-B7DF-43B1-A40A-B921D0658305}.Debug|Any CPU.Build.0 = Debug|Any CPU
		{4DFCE797-B7DF-43B1-A40A-B921D0658305}.Release|Any CPU.ActiveCfg = Release|Any CPU
		{4DFCE797-B7DF-43B1-A40A-B921D0658305}.Release|Any CPU.Build.0 = Release|Any CPU
		{744D3881-F94A-4A64-B333-5E6830881640}.Debug|Any CPU.ActiveCfg = Debug|Any CPU
		{744D3881-F94A-4A64-B333-5E6830881640}.Debug|Any CPU.Build.0 = Debug|Any CPU
		{744D3881-F94A-4A64-B333-5E6830881640}.Release|Any CPU.ActiveCfg = Release|Any CPU
		{744D3881-F94A-4A64-B333-5E6830881640}.Release|Any CPU.Build.0 = Release|Any CPU
	EndGlobalSection
	GlobalSection(SolutionProperties) = preSolution
		HideSolutionNode = FALSE
	EndGlobalSection
	GlobalSection(ExtensibilityGlobals) = postSolution
		SolutionGuid = {E8990E31-BB5F-4DF3-8F41-72090E94FE34}
	EndGlobalSection
EndGlobal
