
Microsoft Visual Studio Solution File, Format Version 12.00
# Visual Studio 15
VisualStudioVersion = 15.0.27428.2015
MinimumVisualStudioVersion = 10.0.40219.1
Project("{FAE04EC0-301F-11D3-BF4B-00C04F79EFBC}") = "Singleton", "Singleton\Singleton.csproj", "{835DADFE-6042-499C-BD4E-042C312C9DAA}"
EndProject
Project("{FAE04EC0-301F-11D3-BF4B-00C04F79EFBC}") = "FactoryMethod", "FactoryMethod\FactoryMethod.csproj", "{4DFCE797-B7DF-43B1-A40A-B921D0658305}"
EndProject
Project("{FAE04EC0-301F-11D3-BF4B-00C04F79EFBC}") = "AbstractFactory", "AbstractFactory\AbstractFactory.csproj", "{744D3881-F94A-4A64-B333-5E6830881640}"
EndProject
Project("{FAE04EC0-301F-11D3-BF4B-00C04F79EFBC}") = "Builder", "Builder\Builder.csproj", "{F37CE6EA-DA22-48CF-B4BF-FAAA72B40DAB}"
EndProject
Project("{FAE04EC0-301F-11D3-BF4B-00C04F79EFBC}") = "Prototype", "Prototype\Prototype.csproj", "{2E5C6897-56C8-491A-ACE6-96343ED38A14}"
EndProject
Project("{2150E333-8FDC-42A3-9474-1A3956D46DE8}") = "Creation", "Creation", "{696CEC0F-17E2-4485-83A1-EC1EABA55851}"
EndProject
Project("{2150E333-8FDC-42A3-9474-1A3956D46DE8}") = "Structural", "Structural", "{5D09515D-F1A4-4D24-8553-D1CF366FEF94}"
EndProject
Project("{FAE04EC0-301F-11D3-BF4B-00C04F79EFBC}") = "Adapter", "Adapter\Adapter.csproj", "{76750508-DA7D-4633-837E-266679D88E48}"
EndProject
Project("{FAE04EC0-301F-11D3-BF4B-00C04F79EFBC}") = "Bridge", "Bridge\Bridge.csproj", "{D386B751-393D-4E97-84D2-569E0C84D0D9}"
EndProject
Project("{FAE04EC0-301F-11D3-BF4B-00C04F79EFBC}") = "Composite", "Composite\Composite.csproj", "{E2C4A81F-20C9-460D-9874-0FC69F639B0C}"
EndProject
Project("{FAE04EC0-301F-11D3-BF4B-00C04F79EFBC}") = "Decorator", "Decorator\Decorator.csproj", "{37C04565-0A15-4C41-BE95-5CA436C89BF0}"
EndProject
Project("{FAE04EC0-301F-11D3-BF4B-00C04F79EFBC}") = "Facade", "Facade\Facade.csproj", "{EDB1D3EB-9484-41EB-9060-E54865F43E06}"
EndProject
Project("{FAE04EC0-301F-11D3-BF4B-00C04F79EFBC}") = "FlyWeight", "FlyWeight\FlyWeight.csproj", "{E22F5C1C-3BEC-4F94-88B1-AC46F1294CBB}"
EndProject
Project("{FAE04EC0-301F-11D3-BF4B-00C04F79EFBC}") = "Proxy", "Proxy\Proxy.csproj", "{A6D238F6-6C90-4DF9-96BF-211385EC9BC3}"
EndProject
Project("{2150E333-8FDC-42A3-9474-1A3956D46DE8}") = "Behavioral", "Behavioral", "{BB7F6130-563B-46E5-9E83-C71C7C67C592}"
EndProject
Project("{FAE04EC0-301F-11D3-BF4B-00C04F79EFBC}") = "ChainOfResponsibility", "ChainOfResponsibility\ChainOfResponsibility.csproj", "{D996C24C-28B1-4D7A-B326-60BC4948ACF2}"
EndProject
Project("{FAE04EC0-301F-11D3-BF4B-00C04F79EFBC}") = "Command", "Command\Command.csproj", "{939E6353-416C-43B3-8FD5-B19A1CCEB9DA}"
EndProject
Project("{FAE04EC0-301F-11D3-BF4B-00C04F79EFBC}") = "Interpreter", "Interpreter\Interpreter.csproj", "{F5B849DE-609F-4A3B-BDC5-4D59F630B536}"
EndProject
Project("{FAE04EC0-301F-11D3-BF4B-00C04F79EFBC}") = "Iterator", "Iterator\Iterator.csproj", "{819CFD4F-D21E-490E-826E-C33275A22311}"
EndProject
Global
	GlobalSection(SolutionConfigurationPlatforms) = preSolution
		Debug|Any CPU = Debug|Any CPU
		Release|Any CPU = Release|Any CPU
	EndGlobalSection
	GlobalSection(ProjectConfigurationPlatforms) = postSolution
		{835DADFE-6042-499C-BD4E-042C312C9DAA}.Debug|Any CPU.ActiveCfg = Debug|Any CPU
		{835DADFE-6042-499C-BD4E-042C312C9DAA}.Debug|Any CPU.Build.0 = Debug|Any CPU
		{835DADFE-6042-499C-BD4E-042C312C9DAA}.Release|Any CPU.ActiveCfg = Release|Any CPU
		{835DADFE-6042-499C-BD4E-042C312C9DAA}.Release|Any CPU.Build.0 = Release|Any CPU
		{4DFCE797-B7DF-43B1-A40A-B921D0658305}.Debug|Any CPU.ActiveCfg = Debug|Any CPU
		{4DFCE797-B7DF-43B1-A40A-B921D0658305}.Debug|Any CPU.Build.0 = Debug|Any CPU
		{4DFCE797-B7DF-43B1-A40A-B921D0658305}.Release|Any CPU.ActiveCfg = Release|Any CPU
		{4DFCE797-B7DF-43B1-A40A-B921D0658305}.Release|Any CPU.Build.0 = Release|Any CPU
		{744D3881-F94A-4A64-B333-5E6830881640}.Debug|Any CPU.ActiveCfg = Debug|Any CPU
		{744D3881-F94A-4A64-B333-5E6830881640}.Debug|Any CPU.Build.0 = Debug|Any CPU
		{744D3881-F94A-4A64-B333-5E6830881640}.Release|Any CPU.ActiveCfg = Release|Any CPU
		{744D3881-F94A-4A64-B333-5E6830881640}.Release|Any CPU.Build.0 = Release|Any CPU
		{F37CE6EA-DA22-48CF-B4BF-FAAA72B40DAB}.Debug|Any CPU.ActiveCfg = Debug|Any CPU
		{F37CE6EA-DA22-48CF-B4BF-FAAA72B40DAB}.Debug|Any CPU.Build.0 = Debug|Any CPU
		{F37CE6EA-DA22-48CF-B4BF-FAAA72B40DAB}.Release|Any CPU.ActiveCfg = Release|Any CPU
		{F37CE6EA-DA22-48CF-B4BF-FAAA72B40DAB}.Release|Any CPU.Build.0 = Release|Any CPU
		{2E5C6897-56C8-491A-ACE6-96343ED38A14}.Debug|Any CPU.ActiveCfg = Debug|Any CPU
		{2E5C6897-56C8-491A-ACE6-96343ED38A14}.Debug|Any CPU.Build.0 = Debug|Any CPU
		{2E5C6897-56C8-491A-ACE6-96343ED38A14}.Release|Any CPU.ActiveCfg = Release|Any CPU
		{2E5C6897-56C8-491A-ACE6-96343ED38A14}.Release|Any CPU.Build.0 = Release|Any CPU
		{76750508-DA7D-4633-837E-266679D88E48}.Debug|Any CPU.ActiveCfg = Debug|Any CPU
		{76750508-DA7D-4633-837E-266679D88E48}.Debug|Any CPU.Build.0 = Debug|Any CPU
		{76750508-DA7D-4633-837E-266679D88E48}.Release|Any CPU.ActiveCfg = Release|Any CPU
		{76750508-DA7D-4633-837E-266679D88E48}.Release|Any CPU.Build.0 = Release|Any CPU
		{D386B751-393D-4E97-84D2-569E0C84D0D9}.Debug|Any CPU.ActiveCfg = Debug|Any CPU
		{D386B751-393D-4E97-84D2-569E0C84D0D9}.Debug|Any CPU.Build.0 = Debug|Any CPU
		{D386B751-393D-4E97-84D2-569E0C84D0D9}.Release|Any CPU.ActiveCfg = Release|Any CPU
		{D386B751-393D-4E97-84D2-569E0C84D0D9}.Release|Any CPU.Build.0 = Release|Any CPU
		{E2C4A81F-20C9-460D-9874-0FC69F639B0C}.Debug|Any CPU.ActiveCfg = Debug|Any CPU
		{E2C4A81F-20C9-460D-9874-0FC69F639B0C}.Debug|Any CPU.Build.0 = Debug|Any CPU
		{E2C4A81F-20C9-460D-9874-0FC69F639B0C}.Release|Any CPU.ActiveCfg = Release|Any CPU
		{E2C4A81F-20C9-460D-9874-0FC69F639B0C}.Release|Any CPU.Build.0 = Release|Any CPU
		{37C04565-0A15-4C41-BE95-5CA436C89BF0}.Debug|Any CPU.ActiveCfg = Debug|Any CPU
		{37C04565-0A15-4C41-BE95-5CA436C89BF0}.Debug|Any CPU.Build.0 = Debug|Any CPU
		{37C04565-0A15-4C41-BE95-5CA436C89BF0}.Release|Any CPU.ActiveCfg = Release|Any CPU
		{37C04565-0A15-4C41-BE95-5CA436C89BF0}.Release|Any CPU.Build.0 = Release|Any CPU
		{EDB1D3EB-9484-41EB-9060-E54865F43E06}.Debug|Any CPU.ActiveCfg = Debug|Any CPU
		{EDB1D3EB-9484-41EB-9060-E54865F43E06}.Debug|Any CPU.Build.0 = Debug|Any CPU
		{EDB1D3EB-9484-41EB-9060-E54865F43E06}.Release|Any CPU.ActiveCfg = Release|Any CPU
		{EDB1D3EB-9484-41EB-9060-E54865F43E06}.Release|Any CPU.Build.0 = Release|Any CPU
		{E22F5C1C-3BEC-4F94-88B1-AC46F1294CBB}.Debug|Any CPU.ActiveCfg = Debug|Any CPU
		{E22F5C1C-3BEC-4F94-88B1-AC46F1294CBB}.Debug|Any CPU.Build.0 = Debug|Any CPU
		{E22F5C1C-3BEC-4F94-88B1-AC46F1294CBB}.Release|Any CPU.ActiveCfg = Release|Any CPU
		{E22F5C1C-3BEC-4F94-88B1-AC46F1294CBB}.Release|Any CPU.Build.0 = Release|Any CPU
		{A6D238F6-6C90-4DF9-96BF-211385EC9BC3}.Debug|Any CPU.ActiveCfg = Debug|Any CPU
		{A6D238F6-6C90-4DF9-96BF-211385EC9BC3}.Debug|Any CPU.Build.0 = Debug|Any CPU
		{A6D238F6-6C90-4DF9-96BF-211385EC9BC3}.Release|Any CPU.ActiveCfg = Release|Any CPU
		{A6D238F6-6C90-4DF9-96BF-211385EC9BC3}.Release|Any CPU.Build.0 = Release|Any CPU
		{D996C24C-28B1-4D7A-B326-60BC4948ACF2}.Debug|Any CPU.ActiveCfg = Debug|Any CPU
		{D996C24C-28B1-4D7A-B326-60BC4948ACF2}.Debug|Any CPU.Build.0 = Debug|Any CPU
		{D996C24C-28B1-4D7A-B326-60BC4948ACF2}.Release|Any CPU.ActiveCfg = Release|Any CPU
		{D996C24C-28B1-4D7A-B326-60BC4948ACF2}.Release|Any CPU.Build.0 = Release|Any CPU
		{939E6353-416C-43B3-8FD5-B19A1CCEB9DA}.Debug|Any CPU.ActiveCfg = Debug|Any CPU
		{939E6353-416C-43B3-8FD5-B19A1CCEB9DA}.Debug|Any CPU.Build.0 = Debug|Any CPU
		{939E6353-416C-43B3-8FD5-B19A1CCEB9DA}.Release|Any CPU.ActiveCfg = Release|Any CPU
		{939E6353-416C-43B3-8FD5-B19A1CCEB9DA}.Release|Any CPU.Build.0 = Release|Any CPU
		{F5B849DE-609F-4A3B-BDC5-4D59F630B536}.Debug|Any CPU.ActiveCfg = Debug|Any CPU
		{F5B849DE-609F-4A3B-BDC5-4D59F630B536}.Debug|Any CPU.Build.0 = Debug|Any CPU
		{F5B849DE-609F-4A3B-BDC5-4D59F630B536}.Release|Any CPU.ActiveCfg = Release|Any CPU
		{F5B849DE-609F-4A3B-BDC5-4D59F630B536}.Release|Any CPU.Build.0 = Release|Any CPU
		{819CFD4F-D21E-490E-826E-C33275A22311}.Debug|Any CPU.ActiveCfg = Debug|Any CPU
		{819CFD4F-D21E-490E-826E-C33275A22311}.Debug|Any CPU.Build.0 = Debug|Any CPU
		{819CFD4F-D21E-490E-826E-C33275A22311}.Release|Any CPU.ActiveCfg = Release|Any CPU
		{819CFD4F-D21E-490E-826E-C33275A22311}.Release|Any CPU.Build.0 = Release|Any CPU
	EndGlobalSection
	GlobalSection(SolutionProperties) = preSolution
		HideSolutionNode = FALSE
	EndGlobalSection
	GlobalSection(NestedProjects) = preSolution
		{835DADFE-6042-499C-BD4E-042C312C9DAA} = {696CEC0F-17E2-4485-83A1-EC1EABA55851}
		{4DFCE797-B7DF-43B1-A40A-B921D0658305} = {696CEC0F-17E2-4485-83A1-EC1EABA55851}
		{744D3881-F94A-4A64-B333-5E6830881640} = {696CEC0F-17E2-4485-83A1-EC1EABA55851}
		{F37CE6EA-DA22-48CF-B4BF-FAAA72B40DAB} = {696CEC0F-17E2-4485-83A1-EC1EABA55851}
		{2E5C6897-56C8-491A-ACE6-96343ED38A14} = {696CEC0F-17E2-4485-83A1-EC1EABA55851}
		{76750508-DA7D-4633-837E-266679D88E48} = {5D09515D-F1A4-4D24-8553-D1CF366FEF94}
		{D386B751-393D-4E97-84D2-569E0C84D0D9} = {5D09515D-F1A4-4D24-8553-D1CF366FEF94}
		{E2C4A81F-20C9-460D-9874-0FC69F639B0C} = {5D09515D-F1A4-4D24-8553-D1CF366FEF94}
		{37C04565-0A15-4C41-BE95-5CA436C89BF0} = {5D09515D-F1A4-4D24-8553-D1CF366FEF94}
		{EDB1D3EB-9484-41EB-9060-E54865F43E06} = {5D09515D-F1A4-4D24-8553-D1CF366FEF94}
		{E22F5C1C-3BEC-4F94-88B1-AC46F1294CBB} = {5D09515D-F1A4-4D24-8553-D1CF366FEF94}
		{A6D238F6-6C90-4DF9-96BF-211385EC9BC3} = {5D09515D-F1A4-4D24-8553-D1CF366FEF94}
		{D996C24C-28B1-4D7A-B326-60BC4948ACF2} = {BB7F6130-563B-46E5-9E83-C71C7C67C592}
		{939E6353-416C-43B3-8FD5-B19A1CCEB9DA} = {BB7F6130-563B-46E5-9E83-C71C7C67C592}
		{F5B849DE-609F-4A3B-BDC5-4D59F630B536} = {BB7F6130-563B-46E5-9E83-C71C7C67C592}
		{819CFD4F-D21E-490E-826E-C33275A22311} = {BB7F6130-563B-46E5-9E83-C71C7C67C592}
	EndGlobalSection
	GlobalSection(ExtensibilityGlobals) = postSolution
		SolutionGuid = {E8990E31-BB5F-4DF3-8F41-72090E94FE34}
	EndGlobalSection
EndGlobal
